// !$*UTF8*$!
{
	archiveVersion = 1;
	classes = {
	};
	objectVersion = 50;
	objects = {

/* Begin PBXBuildFile section */
		187D10DA241E51400076A9F3 /* CurrencyTests.swift in Sources */ = {isa = PBXBuildFile; fileRef = 187D10D9241E51400076A9F3 /* CurrencyTests.swift */; };
		187D10E3241E5F7C0076A9F3 /* CurrencyProvider.swift in Sources */ = {isa = PBXBuildFile; fileRef = 187D10E2241E5F7C0076A9F3 /* CurrencyProvider.swift */; };
		187D10E6241E651F0076A9F3 /* ExchangePair.swift in Sources */ = {isa = PBXBuildFile; fileRef = 187D10E5241E651F0076A9F3 /* ExchangePair.swift */; };
		187D10E9241E67670076A9F3 /* ExchangePairProvider.swift in Sources */ = {isa = PBXBuildFile; fileRef = 187D10E8241E67670076A9F3 /* ExchangePairProvider.swift */; };
		18B8C69F241D40EC0057858C /* AppDelegate.swift in Sources */ = {isa = PBXBuildFile; fileRef = 18B8C69E241D40EC0057858C /* AppDelegate.swift */; };
		18B8C6A8241D40EE0057858C /* Assets.xcassets in Resources */ = {isa = PBXBuildFile; fileRef = 18B8C6A7241D40EE0057858C /* Assets.xcassets */; };
		18B8C6AB241D40EE0057858C /* LaunchScreen.storyboard in Resources */ = {isa = PBXBuildFile; fileRef = 18B8C6A9241D40EE0057858C /* LaunchScreen.storyboard */; };
		18B8C6B6241D40EE0057858C /* RCCTests.swift in Sources */ = {isa = PBXBuildFile; fileRef = 18B8C6B5241D40EE0057858C /* RCCTests.swift */; };
		18B8C6C1241D4EB10057858C /* README.md in Resources */ = {isa = PBXBuildFile; fileRef = 18B8C6C0241D4EB10057858C /* README.md */; };
		18B8C6D2241D93200057858C /* Converter.framework in Frameworks */ = {isa = PBXBuildFile; fileRef = 18B8C6C9241D93200057858C /* Converter.framework */; };
		18B8C6DB241D93200057858C /* Converter.h in Headers */ = {isa = PBXBuildFile; fileRef = 18B8C6CB241D93200057858C /* Converter.h */; settings = {ATTRIBUTES = (Public, ); }; };
		18B8C6DE241D93200057858C /* Converter.framework in Frameworks */ = {isa = PBXBuildFile; fileRef = 18B8C6C9241D93200057858C /* Converter.framework */; };
		18B8C6DF241D93200057858C /* Converter.framework in Embed Frameworks */ = {isa = PBXBuildFile; fileRef = 18B8C6C9241D93200057858C /* Converter.framework */; settings = {ATTRIBUTES = (CodeSignOnCopy, RemoveHeadersOnCopy, ); }; };
		18B8C6EF241D98E10057858C /* Currency.swift in Sources */ = {isa = PBXBuildFile; fileRef = 18B8C6EE241D98E10057858C /* Currency.swift */; };
		18E48391241E8FD300062135 /* Data.framework in Frameworks */ = {isa = PBXBuildFile; fileRef = 18E48388241E8FD300062135 /* Data.framework */; };
		18E48398241E8FD300062135 /* DataTests.swift in Sources */ = {isa = PBXBuildFile; fileRef = 18E48397241E8FD300062135 /* DataTests.swift */; };
		18E4839A241E8FD300062135 /* Data.h in Headers */ = {isa = PBXBuildFile; fileRef = 18E4838A241E8FD300062135 /* Data.h */; settings = {ATTRIBUTES = (Public, ); }; };
		18E4839D241E8FD300062135 /* Data.framework in Frameworks */ = {isa = PBXBuildFile; fileRef = 18E48388241E8FD300062135 /* Data.framework */; };
		18E4839E241E8FD300062135 /* Data.framework in Embed Frameworks */ = {isa = PBXBuildFile; fileRef = 18E48388241E8FD300062135 /* Data.framework */; settings = {ATTRIBUTES = (CodeSignOnCopy, RemoveHeadersOnCopy, ); }; };
		18E483B3241E8FDD00062135 /* Presentation.framework in Frameworks */ = {isa = PBXBuildFile; fileRef = 18E483AA241E8FDD00062135 /* Presentation.framework */; };
		18E483BA241E8FDD00062135 /* PresentationTests.swift in Sources */ = {isa = PBXBuildFile; fileRef = 18E483B9241E8FDD00062135 /* PresentationTests.swift */; };
		18E483BC241E8FDD00062135 /* Presentation.h in Headers */ = {isa = PBXBuildFile; fileRef = 18E483AC241E8FDD00062135 /* Presentation.h */; settings = {ATTRIBUTES = (Public, ); }; };
		18E483BF241E8FDD00062135 /* Presentation.framework in Frameworks */ = {isa = PBXBuildFile; fileRef = 18E483AA241E8FDD00062135 /* Presentation.framework */; };
		18E483C0241E8FDD00062135 /* Presentation.framework in Embed Frameworks */ = {isa = PBXBuildFile; fileRef = 18E483AA241E8FDD00062135 /* Presentation.framework */; settings = {ATTRIBUTES = (CodeSignOnCopy, RemoveHeadersOnCopy, ); }; };
		18E483CF241E946500062135 /* DefaultCurrencyRepository.swift in Sources */ = {isa = PBXBuildFile; fileRef = 18E483CE241E946500062135 /* DefaultCurrencyRepository.swift */; };
		18E483D2241E94A300062135 /* CurrencyRepository.swift in Sources */ = {isa = PBXBuildFile; fileRef = 18E483D1241E94A300062135 /* CurrencyRepository.swift */; };
		18E483DA241E967C00062135 /* TestViewController.swift in Sources */ = {isa = PBXBuildFile; fileRef = 18E483D9241E967C00062135 /* TestViewController.swift */; };
		18E483DD241E988400062135 /* DefaultExchangeRepository.swift in Sources */ = {isa = PBXBuildFile; fileRef = 18E483DC241E988400062135 /* DefaultExchangeRepository.swift */; };
		18E483DF241E98B000062135 /* ExchangeRepository.swift in Sources */ = {isa = PBXBuildFile; fileRef = 18E483DE241E98B000062135 /* ExchangeRepository.swift */; };
		18E483E2241E994200062135 /* Pair.swift in Sources */ = {isa = PBXBuildFile; fileRef = 18E483E1241E994200062135 /* Pair.swift */; };
		18E483E5241E9D4800062135 /* RatesAPI.swift in Sources */ = {isa = PBXBuildFile; fileRef = 18E483E4241E9D4800062135 /* RatesAPI.swift */; };
		18E483EA241E9D9A00062135 /* RatesAPITests.swift in Sources */ = {isa = PBXBuildFile; fileRef = 18E483E9241E9D9A00062135 /* RatesAPITests.swift */; };
		18E483ED241EA28200062135 /* HTTPClient.swift in Sources */ = {isa = PBXBuildFile; fileRef = 18E483EC241EA28200062135 /* HTTPClient.swift */; };
		18E483EF241EA37400062135 /* URLSessionHTTPClient.swift in Sources */ = {isa = PBXBuildFile; fileRef = 18E483EE241EA37400062135 /* URLSessionHTTPClient.swift */; };
		18E483F2241ECF8400062135 /* RemoteExchangePairs.swift in Sources */ = {isa = PBXBuildFile; fileRef = 18E483F1241ECF8400062135 /* RemoteExchangePairs.swift */; };
		18E483F5241ECFF200062135 /* RemoteExchangePairsTests.swift in Sources */ = {isa = PBXBuildFile; fileRef = 18E483F4241ECFF200062135 /* RemoteExchangePairsTests.swift */; };
/* End PBXBuildFile section */

/* Begin PBXContainerItemProxy section */
		18B8C6B2241D40EE0057858C /* PBXContainerItemProxy */ = {
			isa = PBXContainerItemProxy;
			containerPortal = 18B8C693241D40EC0057858C /* Project object */;
			proxyType = 1;
			remoteGlobalIDString = 18B8C69A241D40EC0057858C;
			remoteInfo = RCC;
		};
		18B8C6D3241D93200057858C /* PBXContainerItemProxy */ = {
			isa = PBXContainerItemProxy;
			containerPortal = 18B8C693241D40EC0057858C /* Project object */;
			proxyType = 1;
			remoteGlobalIDString = 18B8C6C8241D93200057858C;
			remoteInfo = Converter;
		};
		18B8C6D5241D93200057858C /* PBXContainerItemProxy */ = {
			isa = PBXContainerItemProxy;
			containerPortal = 18B8C693241D40EC0057858C /* Project object */;
			proxyType = 1;
			remoteGlobalIDString = 18B8C69A241D40EC0057858C;
			remoteInfo = RCC;
		};
		18B8C6DC241D93200057858C /* PBXContainerItemProxy */ = {
			isa = PBXContainerItemProxy;
			containerPortal = 18B8C693241D40EC0057858C /* Project object */;
			proxyType = 1;
			remoteGlobalIDString = 18B8C6C8241D93200057858C;
			remoteInfo = Converter;
		};
		18E48392241E8FD300062135 /* PBXContainerItemProxy */ = {
			isa = PBXContainerItemProxy;
			containerPortal = 18B8C693241D40EC0057858C /* Project object */;
			proxyType = 1;
			remoteGlobalIDString = 18E48387241E8FD300062135;
			remoteInfo = Data;
		};
		18E48394241E8FD300062135 /* PBXContainerItemProxy */ = {
			isa = PBXContainerItemProxy;
			containerPortal = 18B8C693241D40EC0057858C /* Project object */;
			proxyType = 1;
			remoteGlobalIDString = 18B8C69A241D40EC0057858C;
			remoteInfo = RCC;
		};
		18E4839B241E8FD300062135 /* PBXContainerItemProxy */ = {
			isa = PBXContainerItemProxy;
			containerPortal = 18B8C693241D40EC0057858C /* Project object */;
			proxyType = 1;
			remoteGlobalIDString = 18E48387241E8FD300062135;
			remoteInfo = Data;
		};
		18E483B4241E8FDD00062135 /* PBXContainerItemProxy */ = {
			isa = PBXContainerItemProxy;
			containerPortal = 18B8C693241D40EC0057858C /* Project object */;
			proxyType = 1;
			remoteGlobalIDString = 18E483A9241E8FDD00062135;
			remoteInfo = Presentation;
		};
		18E483B6241E8FDD00062135 /* PBXContainerItemProxy */ = {
			isa = PBXContainerItemProxy;
			containerPortal = 18B8C693241D40EC0057858C /* Project object */;
			proxyType = 1;
			remoteGlobalIDString = 18B8C69A241D40EC0057858C;
			remoteInfo = RCC;
		};
		18E483BD241E8FDD00062135 /* PBXContainerItemProxy */ = {
			isa = PBXContainerItemProxy;
			containerPortal = 18B8C693241D40EC0057858C /* Project object */;
			proxyType = 1;
			remoteGlobalIDString = 18E483A9241E8FDD00062135;
			remoteInfo = Presentation;
		};
		18E483D3241E954F00062135 /* PBXContainerItemProxy */ = {
			isa = PBXContainerItemProxy;
			containerPortal = 18B8C693241D40EC0057858C /* Project object */;
			proxyType = 1;
			remoteGlobalIDString = 18B8C6C8241D93200057858C;
			remoteInfo = Converter;
		};
		18E483D5241E955500062135 /* PBXContainerItemProxy */ = {
			isa = PBXContainerItemProxy;
			containerPortal = 18B8C693241D40EC0057858C /* Project object */;
			proxyType = 1;
			remoteGlobalIDString = 18B8C6C8241D93200057858C;
			remoteInfo = Converter;
		};
/* End PBXContainerItemProxy section */

/* Begin PBXCopyFilesBuildPhase section */
		18B8C6E0241D93200057858C /* Embed Frameworks */ = {
			isa = PBXCopyFilesBuildPhase;
			buildActionMask = 2147483647;
			dstPath = "";
			dstSubfolderSpec = 10;
			files = (
				18E4839E241E8FD300062135 /* Data.framework in Embed Frameworks */,
				18B8C6DF241D93200057858C /* Converter.framework in Embed Frameworks */,
				18E483C0241E8FDD00062135 /* Presentation.framework in Embed Frameworks */,
			);
			name = "Embed Frameworks";
			runOnlyForDeploymentPostprocessing = 0;
		};
/* End PBXCopyFilesBuildPhase section */

/* Begin PBXFileReference section */
		187D10D9241E51400076A9F3 /* CurrencyTests.swift */ = {isa = PBXFileReference; lastKnownFileType = sourcecode.swift; path = CurrencyTests.swift; sourceTree = "<group>"; };
		187D10E2241E5F7C0076A9F3 /* CurrencyProvider.swift */ = {isa = PBXFileReference; fileEncoding = 4; lastKnownFileType = sourcecode.swift; path = CurrencyProvider.swift; sourceTree = "<group>"; };
		187D10E5241E651F0076A9F3 /* ExchangePair.swift */ = {isa = PBXFileReference; lastKnownFileType = sourcecode.swift; path = ExchangePair.swift; sourceTree = "<group>"; };
		187D10E8241E67670076A9F3 /* ExchangePairProvider.swift */ = {isa = PBXFileReference; lastKnownFileType = sourcecode.swift; path = ExchangePairProvider.swift; sourceTree = "<group>"; };
		18B8C69B241D40EC0057858C /* RCC.app */ = {isa = PBXFileReference; explicitFileType = wrapper.application; includeInIndex = 0; path = RCC.app; sourceTree = BUILT_PRODUCTS_DIR; };
		18B8C69E241D40EC0057858C /* AppDelegate.swift */ = {isa = PBXFileReference; lastKnownFileType = sourcecode.swift; path = AppDelegate.swift; sourceTree = "<group>"; };
		18B8C6A7241D40EE0057858C /* Assets.xcassets */ = {isa = PBXFileReference; lastKnownFileType = folder.assetcatalog; path = Assets.xcassets; sourceTree = "<group>"; };
		18B8C6AA241D40EE0057858C /* Base */ = {isa = PBXFileReference; lastKnownFileType = file.storyboard; name = Base; path = Base.lproj/LaunchScreen.storyboard; sourceTree = "<group>"; };
		18B8C6AC241D40EE0057858C /* Info.plist */ = {isa = PBXFileReference; lastKnownFileType = text.plist.xml; path = Info.plist; sourceTree = "<group>"; };
		18B8C6B1241D40EE0057858C /* RCCTests.xctest */ = {isa = PBXFileReference; explicitFileType = wrapper.cfbundle; includeInIndex = 0; path = RCCTests.xctest; sourceTree = BUILT_PRODUCTS_DIR; };
		18B8C6B5241D40EE0057858C /* RCCTests.swift */ = {isa = PBXFileReference; lastKnownFileType = sourcecode.swift; path = RCCTests.swift; sourceTree = "<group>"; };
		18B8C6B7241D40EE0057858C /* Info.plist */ = {isa = PBXFileReference; lastKnownFileType = text.plist.xml; path = Info.plist; sourceTree = "<group>"; };
		18B8C6C0241D4EB10057858C /* README.md */ = {isa = PBXFileReference; fileEncoding = 4; lastKnownFileType = net.daringfireball.markdown; path = README.md; sourceTree = SOURCE_ROOT; };
		18B8C6C9241D93200057858C /* Converter.framework */ = {isa = PBXFileReference; explicitFileType = wrapper.framework; includeInIndex = 0; path = Converter.framework; sourceTree = BUILT_PRODUCTS_DIR; };
		18B8C6CB241D93200057858C /* Converter.h */ = {isa = PBXFileReference; lastKnownFileType = sourcecode.c.h; path = Converter.h; sourceTree = "<group>"; };
		18B8C6CC241D93200057858C /* Info.plist */ = {isa = PBXFileReference; lastKnownFileType = text.plist.xml; path = Info.plist; sourceTree = "<group>"; };
		18B8C6D1241D93200057858C /* ConverterTests.xctest */ = {isa = PBXFileReference; explicitFileType = wrapper.cfbundle; includeInIndex = 0; path = ConverterTests.xctest; sourceTree = BUILT_PRODUCTS_DIR; };
		18B8C6DA241D93200057858C /* Info.plist */ = {isa = PBXFileReference; lastKnownFileType = text.plist.xml; path = Info.plist; sourceTree = "<group>"; };
		18B8C6EE241D98E10057858C /* Currency.swift */ = {isa = PBXFileReference; lastKnownFileType = sourcecode.swift; path = Currency.swift; sourceTree = "<group>"; };
		18E48388241E8FD300062135 /* Data.framework */ = {isa = PBXFileReference; explicitFileType = wrapper.framework; includeInIndex = 0; path = Data.framework; sourceTree = BUILT_PRODUCTS_DIR; };
		18E4838A241E8FD300062135 /* Data.h */ = {isa = PBXFileReference; lastKnownFileType = sourcecode.c.h; path = Data.h; sourceTree = "<group>"; };
		18E4838B241E8FD300062135 /* Info.plist */ = {isa = PBXFileReference; lastKnownFileType = text.plist.xml; path = Info.plist; sourceTree = "<group>"; };
		18E48390241E8FD300062135 /* DataTests.xctest */ = {isa = PBXFileReference; explicitFileType = wrapper.cfbundle; includeInIndex = 0; path = DataTests.xctest; sourceTree = BUILT_PRODUCTS_DIR; };
		18E48397241E8FD300062135 /* DataTests.swift */ = {isa = PBXFileReference; lastKnownFileType = sourcecode.swift; path = DataTests.swift; sourceTree = "<group>"; };
		18E48399241E8FD300062135 /* Info.plist */ = {isa = PBXFileReference; lastKnownFileType = text.plist.xml; path = Info.plist; sourceTree = "<group>"; };
		18E483AA241E8FDD00062135 /* Presentation.framework */ = {isa = PBXFileReference; explicitFileType = wrapper.framework; includeInIndex = 0; path = Presentation.framework; sourceTree = BUILT_PRODUCTS_DIR; };
		18E483AC241E8FDD00062135 /* Presentation.h */ = {isa = PBXFileReference; lastKnownFileType = sourcecode.c.h; path = Presentation.h; sourceTree = "<group>"; };
		18E483AD241E8FDD00062135 /* Info.plist */ = {isa = PBXFileReference; lastKnownFileType = text.plist.xml; path = Info.plist; sourceTree = "<group>"; };
		18E483B2241E8FDD00062135 /* PresentationTests.xctest */ = {isa = PBXFileReference; explicitFileType = wrapper.cfbundle; includeInIndex = 0; path = PresentationTests.xctest; sourceTree = BUILT_PRODUCTS_DIR; };
		18E483B9241E8FDD00062135 /* PresentationTests.swift */ = {isa = PBXFileReference; lastKnownFileType = sourcecode.swift; path = PresentationTests.swift; sourceTree = "<group>"; };
		18E483BB241E8FDD00062135 /* Info.plist */ = {isa = PBXFileReference; lastKnownFileType = text.plist.xml; path = Info.plist; sourceTree = "<group>"; };
		18E483CE241E946500062135 /* DefaultCurrencyRepository.swift */ = {isa = PBXFileReference; lastKnownFileType = sourcecode.swift; path = DefaultCurrencyRepository.swift; sourceTree = "<group>"; };
		18E483D1241E94A300062135 /* CurrencyRepository.swift */ = {isa = PBXFileReference; lastKnownFileType = sourcecode.swift; path = CurrencyRepository.swift; sourceTree = "<group>"; };
		18E483D9241E967C00062135 /* TestViewController.swift */ = {isa = PBXFileReference; lastKnownFileType = sourcecode.swift; path = TestViewController.swift; sourceTree = "<group>"; };
		18E483DC241E988400062135 /* DefaultExchangeRepository.swift */ = {isa = PBXFileReference; lastKnownFileType = sourcecode.swift; path = DefaultExchangeRepository.swift; sourceTree = "<group>"; };
		18E483DE241E98B000062135 /* ExchangeRepository.swift */ = {isa = PBXFileReference; lastKnownFileType = sourcecode.swift; path = ExchangeRepository.swift; sourceTree = "<group>"; };
		18E483E1241E994200062135 /* Pair.swift */ = {isa = PBXFileReference; lastKnownFileType = sourcecode.swift; path = Pair.swift; sourceTree = "<group>"; };
		18E483E4241E9D4800062135 /* RatesAPI.swift */ = {isa = PBXFileReference; lastKnownFileType = sourcecode.swift; path = RatesAPI.swift; sourceTree = "<group>"; };
		18E483E9241E9D9A00062135 /* RatesAPITests.swift */ = {isa = PBXFileReference; lastKnownFileType = sourcecode.swift; path = RatesAPITests.swift; sourceTree = "<group>"; };
		18E483EC241EA28200062135 /* HTTPClient.swift */ = {isa = PBXFileReference; lastKnownFileType = sourcecode.swift; path = HTTPClient.swift; sourceTree = "<group>"; };
		18E483EE241EA37400062135 /* URLSessionHTTPClient.swift */ = {isa = PBXFileReference; lastKnownFileType = sourcecode.swift; path = URLSessionHTTPClient.swift; sourceTree = "<group>"; };
		18E483F1241ECF8400062135 /* RemoteExchangePairs.swift */ = {isa = PBXFileReference; lastKnownFileType = sourcecode.swift; path = RemoteExchangePairs.swift; sourceTree = "<group>"; };
		18E483F4241ECFF200062135 /* RemoteExchangePairsTests.swift */ = {isa = PBXFileReference; lastKnownFileType = sourcecode.swift; path = RemoteExchangePairsTests.swift; sourceTree = "<group>"; };
/* End PBXFileReference section */

/* Begin PBXFrameworksBuildPhase section */
		18B8C698241D40EC0057858C /* Frameworks */ = {
			isa = PBXFrameworksBuildPhase;
			buildActionMask = 2147483647;
			files = (
				18E4839D241E8FD300062135 /* Data.framework in Frameworks */,
				18B8C6DE241D93200057858C /* Converter.framework in Frameworks */,
				18E483BF241E8FDD00062135 /* Presentation.framework in Frameworks */,
			);
			runOnlyForDeploymentPostprocessing = 0;
		};
		18B8C6AE241D40EE0057858C /* Frameworks */ = {
			isa = PBXFrameworksBuildPhase;
			buildActionMask = 2147483647;
			files = (
			);
			runOnlyForDeploymentPostprocessing = 0;
		};
		18B8C6C6241D93200057858C /* Frameworks */ = {
			isa = PBXFrameworksBuildPhase;
			buildActionMask = 2147483647;
			files = (
			);
			runOnlyForDeploymentPostprocessing = 0;
		};
		18B8C6CE241D93200057858C /* Frameworks */ = {
			isa = PBXFrameworksBuildPhase;
			buildActionMask = 2147483647;
			files = (
				18B8C6D2241D93200057858C /* Converter.framework in Frameworks */,
			);
			runOnlyForDeploymentPostprocessing = 0;
		};
		18E48385241E8FD300062135 /* Frameworks */ = {
			isa = PBXFrameworksBuildPhase;
			buildActionMask = 2147483647;
			files = (
			);
			runOnlyForDeploymentPostprocessing = 0;
		};
		18E4838D241E8FD300062135 /* Frameworks */ = {
			isa = PBXFrameworksBuildPhase;
			buildActionMask = 2147483647;
			files = (
				18E48391241E8FD300062135 /* Data.framework in Frameworks */,
			);
			runOnlyForDeploymentPostprocessing = 0;
		};
		18E483A7241E8FDD00062135 /* Frameworks */ = {
			isa = PBXFrameworksBuildPhase;
			buildActionMask = 2147483647;
			files = (
			);
			runOnlyForDeploymentPostprocessing = 0;
		};
		18E483AF241E8FDD00062135 /* Frameworks */ = {
			isa = PBXFrameworksBuildPhase;
			buildActionMask = 2147483647;
			files = (
				18E483B3241E8FDD00062135 /* Presentation.framework in Frameworks */,
			);
			runOnlyForDeploymentPostprocessing = 0;
		};
/* End PBXFrameworksBuildPhase section */

/* Begin PBXGroup section */
		187D10DB241E5F310076A9F3 /* Models */ = {
			isa = PBXGroup;
			children = (
				18E483E0241E993900062135 /* Pair */,
				187D10E4241E65100076A9F3 /* ExchangePair */,
				187D10DC241E5F3A0076A9F3 /* Currency */,
			);
			path = Models;
			sourceTree = "<group>";
		};
		187D10DC241E5F3A0076A9F3 /* Currency */ = {
			isa = PBXGroup;
			children = (
				18B8C6EE241D98E10057858C /* Currency.swift */,
			);
			path = Currency;
			sourceTree = "<group>";
		};
		187D10DD241E5F450076A9F3 /* UseCases */ = {
			isa = PBXGroup;
			children = (
				187D10E7241E672D0076A9F3 /* ExchangePairProvider */,
				187D10E1241E5F7C0076A9F3 /* CurrencyProvider */,
			);
			path = UseCases;
			sourceTree = "<group>";
		};
		187D10E1241E5F7C0076A9F3 /* CurrencyProvider */ = {
			isa = PBXGroup;
			children = (
				187D10E2241E5F7C0076A9F3 /* CurrencyProvider.swift */,
			);
			path = CurrencyProvider;
			sourceTree = "<group>";
		};
		187D10E4241E65100076A9F3 /* ExchangePair */ = {
			isa = PBXGroup;
			children = (
				187D10E5241E651F0076A9F3 /* ExchangePair.swift */,
			);
			path = ExchangePair;
			sourceTree = "<group>";
		};
		187D10E7241E672D0076A9F3 /* ExchangePairProvider */ = {
			isa = PBXGroup;
			children = (
				187D10E8241E67670076A9F3 /* ExchangePairProvider.swift */,
			);
			path = ExchangePairProvider;
			sourceTree = "<group>";
		};
		18B8C692241D40EC0057858C = {
			isa = PBXGroup;
			children = (
				18B8C69D241D40EC0057858C /* RCC */,
				18B8C6B4241D40EE0057858C /* RCCTests */,
				18B8C6CA241D93200057858C /* Converter */,
				18B8C6D7241D93200057858C /* ConverterTests */,
				18E48389241E8FD300062135 /* Data */,
				18E48396241E8FD300062135 /* DataTests */,
				18E483AB241E8FDD00062135 /* Presentation */,
				18E483B8241E8FDD00062135 /* PresentationTests */,
				18B8C69C241D40EC0057858C /* Products */,
			);
			sourceTree = "<group>";
		};
		18B8C69C241D40EC0057858C /* Products */ = {
			isa = PBXGroup;
			children = (
				18B8C69B241D40EC0057858C /* RCC.app */,
				18B8C6B1241D40EE0057858C /* RCCTests.xctest */,
				18B8C6C9241D93200057858C /* Converter.framework */,
				18B8C6D1241D93200057858C /* ConverterTests.xctest */,
				18E48388241E8FD300062135 /* Data.framework */,
				18E48390241E8FD300062135 /* DataTests.xctest */,
				18E483AA241E8FDD00062135 /* Presentation.framework */,
				18E483B2241E8FDD00062135 /* PresentationTests.xctest */,
			);
			name = Products;
			sourceTree = "<group>";
		};
		18B8C69D241D40EC0057858C /* RCC */ = {
			isa = PBXGroup;
			children = (
				18B8C6C0241D4EB10057858C /* README.md */,
				18B8C69E241D40EC0057858C /* AppDelegate.swift */,
				18E483D9241E967C00062135 /* TestViewController.swift */,
				18B8C6A7241D40EE0057858C /* Assets.xcassets */,
				18B8C6A9241D40EE0057858C /* LaunchScreen.storyboard */,
				18B8C6AC241D40EE0057858C /* Info.plist */,
			);
			path = RCC;
			sourceTree = "<group>";
		};
		18B8C6B4241D40EE0057858C /* RCCTests */ = {
			isa = PBXGroup;
			children = (
				18B8C6B5241D40EE0057858C /* RCCTests.swift */,
				18B8C6B7241D40EE0057858C /* Info.plist */,
			);
			path = RCCTests;
			sourceTree = "<group>";
		};
		18B8C6CA241D93200057858C /* Converter */ = {
			isa = PBXGroup;
			children = (
				18B8C6CB241D93200057858C /* Converter.h */,
				18B8C6CC241D93200057858C /* Info.plist */,
				18E483D0241E949600062135 /* Repositories */,
				187D10DD241E5F450076A9F3 /* UseCases */,
				187D10DB241E5F310076A9F3 /* Models */,
			);
			path = Converter;
			sourceTree = "<group>";
		};
		18B8C6D7241D93200057858C /* ConverterTests */ = {
			isa = PBXGroup;
			children = (
				18E483CA241E93A000062135 /* Models */,
				18B8C6DA241D93200057858C /* Info.plist */,
			);
			path = ConverterTests;
			sourceTree = "<group>";
		};
		18E48389241E8FD300062135 /* Data */ = {
			isa = PBXGroup;
			children = (
				18E483C9241E90F300062135 /* Repositories */,
				18E483C8241E90E800062135 /* Database */,
				18E483C7241E90DD00062135 /* Networking */,
				18E4838A241E8FD300062135 /* Data.h */,
				18E4838B241E8FD300062135 /* Info.plist */,
			);
			path = Data;
			sourceTree = "<group>";
		};
		18E48396241E8FD300062135 /* DataTests */ = {
			isa = PBXGroup;
			children = (
				18E483E8241E9D8500062135 /* Networking */,
				18E483E7241E9D7B00062135 /* Database */,
				18E483E6241E9D7100062135 /* Repositories */,
				18E48397241E8FD300062135 /* DataTests.swift */,
				18E48399241E8FD300062135 /* Info.plist */,
			);
			path = DataTests;
			sourceTree = "<group>";
		};
		18E483AB241E8FDD00062135 /* Presentation */ = {
			isa = PBXGroup;
			children = (
				18E483AC241E8FDD00062135 /* Presentation.h */,
				18E483AD241E8FDD00062135 /* Info.plist */,
			);
			path = Presentation;
			sourceTree = "<group>";
		};
		18E483B8241E8FDD00062135 /* PresentationTests */ = {
			isa = PBXGroup;
			children = (
				18E483B9241E8FDD00062135 /* PresentationTests.swift */,
				18E483BB241E8FDD00062135 /* Info.plist */,
			);
			path = PresentationTests;
			sourceTree = "<group>";
		};
		18E483C7241E90DD00062135 /* Networking */ = {
			isa = PBXGroup;
			children = (
				18E483EB241EA25B00062135 /* HTTPClient */,
				18E483E3241E9D3D00062135 /* API */,
			);
			path = Networking;
			sourceTree = "<group>";
		};
		18E483C8241E90E800062135 /* Database */ = {
			isa = PBXGroup;
			children = (
			);
			path = Database;
			sourceTree = "<group>";
		};
		18E483C9241E90F300062135 /* Repositories */ = {
			isa = PBXGroup;
			children = (
				18E483DB241E986A00062135 /* ExchangeRepository */,
				18E483CC241E941E00062135 /* CurrencyRepository */,
			);
			path = Repositories;
			sourceTree = "<group>";
		};
		18E483CA241E93A000062135 /* Models */ = {
			isa = PBXGroup;
			children = (
				18E483CB241E93A500062135 /* Currency */,
			);
			path = Models;
			sourceTree = "<group>";
		};
		18E483CB241E93A500062135 /* Currency */ = {
			isa = PBXGroup;
			children = (
				187D10D9241E51400076A9F3 /* CurrencyTests.swift */,
			);
			path = Currency;
			sourceTree = "<group>";
		};
		18E483CC241E941E00062135 /* CurrencyRepository */ = {
			isa = PBXGroup;
			children = (
				18E483CE241E946500062135 /* DefaultCurrencyRepository.swift */,
			);
			path = CurrencyRepository;
			sourceTree = "<group>";
		};
		18E483D0241E949600062135 /* Repositories */ = {
			isa = PBXGroup;
			children = (
				18E483D1241E94A300062135 /* CurrencyRepository.swift */,
				18E483DE241E98B000062135 /* ExchangeRepository.swift */,
			);
			path = Repositories;
			sourceTree = "<group>";
		};
		18E483DB241E986A00062135 /* ExchangeRepository */ = {
			isa = PBXGroup;
			children = (
				18E483F0241ECF7100062135 /* RemoteDataSource */,
				18E483DC241E988400062135 /* DefaultExchangeRepository.swift */,
			);
			path = ExchangeRepository;
			sourceTree = "<group>";
		};
		18E483E0241E993900062135 /* Pair */ = {
			isa = PBXGroup;
			children = (
				18E483E1241E994200062135 /* Pair.swift */,
			);
			path = Pair;
			sourceTree = "<group>";
		};
		18E483E3241E9D3D00062135 /* API */ = {
			isa = PBXGroup;
			children = (
				18E483E4241E9D4800062135 /* RatesAPI.swift */,
			);
			path = API;
			sourceTree = "<group>";
		};
		18E483E6241E9D7100062135 /* Repositories */ = {
			isa = PBXGroup;
			children = (
				18E483F3241ECFDB00062135 /* RemoteDataSource */,
			);
			path = Repositories;
			sourceTree = "<group>";
		};
		18E483E7241E9D7B00062135 /* Database */ = {
			isa = PBXGroup;
			children = (
			);
			path = Database;
			sourceTree = "<group>";
		};
		18E483E8241E9D8500062135 /* Networking */ = {
			isa = PBXGroup;
			children = (
				18E483E9241E9D9A00062135 /* RatesAPITests.swift */,
			);
			path = Networking;
			sourceTree = "<group>";
		};
		18E483EB241EA25B00062135 /* HTTPClient */ = {
			isa = PBXGroup;
			children = (
				18E483EC241EA28200062135 /* HTTPClient.swift */,
				18E483EE241EA37400062135 /* URLSessionHTTPClient.swift */,
			);
			path = HTTPClient;
			sourceTree = "<group>";
		};
		18E483F0241ECF7100062135 /* RemoteDataSource */ = {
			isa = PBXGroup;
			children = (
				18E483F1241ECF8400062135 /* RemoteExchangePairs.swift */,
			);
			path = RemoteDataSource;
			sourceTree = "<group>";
		};
		18E483F3241ECFDB00062135 /* RemoteDataSource */ = {
			isa = PBXGroup;
			children = (
				18E483F4241ECFF200062135 /* RemoteExchangePairsTests.swift */,
			);
			path = RemoteDataSource;
			sourceTree = "<group>";
		};
/* End PBXGroup section */

/* Begin PBXHeadersBuildPhase section */
		18B8C6C4241D93200057858C /* Headers */ = {
			isa = PBXHeadersBuildPhase;
			buildActionMask = 2147483647;
			files = (
				18B8C6DB241D93200057858C /* Converter.h in Headers */,
			);
			runOnlyForDeploymentPostprocessing = 0;
		};
		18E48383241E8FD300062135 /* Headers */ = {
			isa = PBXHeadersBuildPhase;
			buildActionMask = 2147483647;
			files = (
				18E4839A241E8FD300062135 /* Data.h in Headers */,
			);
			runOnlyForDeploymentPostprocessing = 0;
		};
		18E483A5241E8FDD00062135 /* Headers */ = {
			isa = PBXHeadersBuildPhase;
			buildActionMask = 2147483647;
			files = (
				18E483BC241E8FDD00062135 /* Presentation.h in Headers */,
			);
			runOnlyForDeploymentPostprocessing = 0;
		};
/* End PBXHeadersBuildPhase section */

/* Begin PBXNativeTarget section */
		18B8C69A241D40EC0057858C /* RCC */ = {
			isa = PBXNativeTarget;
			buildConfigurationList = 18B8C6BA241D40EE0057858C /* Build configuration list for PBXNativeTarget "RCC" */;
			buildPhases = (
				18B8C697241D40EC0057858C /* Sources */,
				18B8C698241D40EC0057858C /* Frameworks */,
				18B8C699241D40EC0057858C /* Resources */,
				18B8C6E0241D93200057858C /* Embed Frameworks */,
			);
			buildRules = (
			);
			dependencies = (
				18B8C6DD241D93200057858C /* PBXTargetDependency */,
				18E4839C241E8FD300062135 /* PBXTargetDependency */,
				18E483BE241E8FDD00062135 /* PBXTargetDependency */,
			);
			name = RCC;
			productName = RCC;
			productReference = 18B8C69B241D40EC0057858C /* RCC.app */;
			productType = "com.apple.product-type.application";
		};
		18B8C6B0241D40EE0057858C /* RCCTests */ = {
			isa = PBXNativeTarget;
			buildConfigurationList = 18B8C6BD241D40EE0057858C /* Build configuration list for PBXNativeTarget "RCCTests" */;
			buildPhases = (
				18B8C6AD241D40EE0057858C /* Sources */,
				18B8C6AE241D40EE0057858C /* Frameworks */,
				18B8C6AF241D40EE0057858C /* Resources */,
			);
			buildRules = (
			);
			dependencies = (
				18B8C6B3241D40EE0057858C /* PBXTargetDependency */,
			);
			name = RCCTests;
			productName = RCCTests;
			productReference = 18B8C6B1241D40EE0057858C /* RCCTests.xctest */;
			productType = "com.apple.product-type.bundle.unit-test";
		};
		18B8C6C8241D93200057858C /* Converter */ = {
			isa = PBXNativeTarget;
			buildConfigurationList = 18B8C6E5241D93200057858C /* Build configuration list for PBXNativeTarget "Converter" */;
			buildPhases = (
				18B8C6C4241D93200057858C /* Headers */,
				18B8C6C5241D93200057858C /* Sources */,
				18B8C6C6241D93200057858C /* Frameworks */,
				18B8C6C7241D93200057858C /* Resources */,
			);
			buildRules = (
			);
			dependencies = (
			);
			name = Converter;
			productName = Converter;
			productReference = 18B8C6C9241D93200057858C /* Converter.framework */;
			productType = "com.apple.product-type.framework";
		};
		18B8C6D0241D93200057858C /* ConverterTests */ = {
			isa = PBXNativeTarget;
			buildConfigurationList = 18B8C6E6241D93200057858C /* Build configuration list for PBXNativeTarget "ConverterTests" */;
			buildPhases = (
				18B8C6CD241D93200057858C /* Sources */,
				18B8C6CE241D93200057858C /* Frameworks */,
				18B8C6CF241D93200057858C /* Resources */,
			);
			buildRules = (
			);
			dependencies = (
				18B8C6D4241D93200057858C /* PBXTargetDependency */,
				18B8C6D6241D93200057858C /* PBXTargetDependency */,
			);
			name = ConverterTests;
			productName = ConverterTests;
			productReference = 18B8C6D1241D93200057858C /* ConverterTests.xctest */;
			productType = "com.apple.product-type.bundle.unit-test";
		};
		18E48387241E8FD300062135 /* Data */ = {
			isa = PBXNativeTarget;
			buildConfigurationList = 18E483A3241E8FD300062135 /* Build configuration list for PBXNativeTarget "Data" */;
			buildPhases = (
				18E48383241E8FD300062135 /* Headers */,
				18E48384241E8FD300062135 /* Sources */,
				18E48385241E8FD300062135 /* Frameworks */,
				18E48386241E8FD300062135 /* Resources */,
			);
			buildRules = (
			);
			dependencies = (
				18E483D4241E954F00062135 /* PBXTargetDependency */,
			);
			name = Data;
			productName = Data;
			productReference = 18E48388241E8FD300062135 /* Data.framework */;
			productType = "com.apple.product-type.framework";
		};
		18E4838F241E8FD300062135 /* DataTests */ = {
			isa = PBXNativeTarget;
			buildConfigurationList = 18E483A4241E8FD300062135 /* Build configuration list for PBXNativeTarget "DataTests" */;
			buildPhases = (
				18E4838C241E8FD300062135 /* Sources */,
				18E4838D241E8FD300062135 /* Frameworks */,
				18E4838E241E8FD300062135 /* Resources */,
			);
			buildRules = (
			);
			dependencies = (
				18E48393241E8FD300062135 /* PBXTargetDependency */,
				18E48395241E8FD300062135 /* PBXTargetDependency */,
			);
			name = DataTests;
			productName = DataTests;
			productReference = 18E48390241E8FD300062135 /* DataTests.xctest */;
			productType = "com.apple.product-type.bundle.unit-test";
		};
		18E483A9241E8FDD00062135 /* Presentation */ = {
			isa = PBXNativeTarget;
			buildConfigurationList = 18E483C1241E8FDD00062135 /* Build configuration list for PBXNativeTarget "Presentation" */;
			buildPhases = (
				18E483A5241E8FDD00062135 /* Headers */,
				18E483A6241E8FDD00062135 /* Sources */,
				18E483A7241E8FDD00062135 /* Frameworks */,
				18E483A8241E8FDD00062135 /* Resources */,
			);
			buildRules = (
			);
			dependencies = (
				18E483D6241E955500062135 /* PBXTargetDependency */,
			);
			name = Presentation;
			productName = Presentation;
			productReference = 18E483AA241E8FDD00062135 /* Presentation.framework */;
			productType = "com.apple.product-type.framework";
		};
		18E483B1241E8FDD00062135 /* PresentationTests */ = {
			isa = PBXNativeTarget;
			buildConfigurationList = 18E483C4241E8FDD00062135 /* Build configuration list for PBXNativeTarget "PresentationTests" */;
			buildPhases = (
				18E483AE241E8FDD00062135 /* Sources */,
				18E483AF241E8FDD00062135 /* Frameworks */,
				18E483B0241E8FDD00062135 /* Resources */,
			);
			buildRules = (
			);
			dependencies = (
				18E483B5241E8FDD00062135 /* PBXTargetDependency */,
				18E483B7241E8FDD00062135 /* PBXTargetDependency */,
			);
			name = PresentationTests;
			productName = PresentationTests;
			productReference = 18E483B2241E8FDD00062135 /* PresentationTests.xctest */;
			productType = "com.apple.product-type.bundle.unit-test";
		};
/* End PBXNativeTarget section */

/* Begin PBXProject section */
		18B8C693241D40EC0057858C /* Project object */ = {
			isa = PBXProject;
			attributes = {
				LastSwiftUpdateCheck = 1130;
				LastUpgradeCheck = 1130;
				ORGANIZATIONNAME = "Aaron Huánuco";
				TargetAttributes = {
					18B8C69A241D40EC0057858C = {
						CreatedOnToolsVersion = 11.3.1;
					};
					18B8C6B0241D40EE0057858C = {
						CreatedOnToolsVersion = 11.3.1;
						TestTargetID = 18B8C69A241D40EC0057858C;
					};
					18B8C6C8241D93200057858C = {
						CreatedOnToolsVersion = 11.3.1;
					};
					18B8C6D0241D93200057858C = {
						CreatedOnToolsVersion = 11.3.1;
						TestTargetID = 18B8C69A241D40EC0057858C;
					};
					18E48387241E8FD300062135 = {
						CreatedOnToolsVersion = 11.3.1;
						LastSwiftMigration = 1130;
					};
					18E4838F241E8FD300062135 = {
						CreatedOnToolsVersion = 11.3.1;
						TestTargetID = 18B8C69A241D40EC0057858C;
					};
					18E483A9241E8FDD00062135 = {
						CreatedOnToolsVersion = 11.3.1;
					};
					18E483B1241E8FDD00062135 = {
						CreatedOnToolsVersion = 11.3.1;
						TestTargetID = 18B8C69A241D40EC0057858C;
					};
				};
			};
			buildConfigurationList = 18B8C696241D40EC0057858C /* Build configuration list for PBXProject "RCC" */;
			compatibilityVersion = "Xcode 9.3";
			developmentRegion = en;
			hasScannedForEncodings = 0;
			knownRegions = (
				en,
				Base,
			);
			mainGroup = 18B8C692241D40EC0057858C;
			productRefGroup = 18B8C69C241D40EC0057858C /* Products */;
			projectDirPath = "";
			projectRoot = "";
			targets = (
				18B8C69A241D40EC0057858C /* RCC */,
				18B8C6B0241D40EE0057858C /* RCCTests */,
				18B8C6C8241D93200057858C /* Converter */,
				18B8C6D0241D93200057858C /* ConverterTests */,
				18E48387241E8FD300062135 /* Data */,
				18E4838F241E8FD300062135 /* DataTests */,
				18E483A9241E8FDD00062135 /* Presentation */,
				18E483B1241E8FDD00062135 /* PresentationTests */,
			);
		};
/* End PBXProject section */

/* Begin PBXResourcesBuildPhase section */
		18B8C699241D40EC0057858C /* Resources */ = {
			isa = PBXResourcesBuildPhase;
			buildActionMask = 2147483647;
			files = (
				18B8C6C1241D4EB10057858C /* README.md in Resources */,
				18B8C6AB241D40EE0057858C /* LaunchScreen.storyboard in Resources */,
				18B8C6A8241D40EE0057858C /* Assets.xcassets in Resources */,
			);
			runOnlyForDeploymentPostprocessing = 0;
		};
		18B8C6AF241D40EE0057858C /* Resources */ = {
			isa = PBXResourcesBuildPhase;
			buildActionMask = 2147483647;
			files = (
			);
			runOnlyForDeploymentPostprocessing = 0;
		};
		18B8C6C7241D93200057858C /* Resources */ = {
			isa = PBXResourcesBuildPhase;
			buildActionMask = 2147483647;
			files = (
			);
			runOnlyForDeploymentPostprocessing = 0;
		};
		18B8C6CF241D93200057858C /* Resources */ = {
			isa = PBXResourcesBuildPhase;
			buildActionMask = 2147483647;
			files = (
			);
			runOnlyForDeploymentPostprocessing = 0;
		};
		18E48386241E8FD300062135 /* Resources */ = {
			isa = PBXResourcesBuildPhase;
			buildActionMask = 2147483647;
			files = (
			);
			runOnlyForDeploymentPostprocessing = 0;
		};
		18E4838E241E8FD300062135 /* Resources */ = {
			isa = PBXResourcesBuildPhase;
			buildActionMask = 2147483647;
			files = (
			);
			runOnlyForDeploymentPostprocessing = 0;
		};
		18E483A8241E8FDD00062135 /* Resources */ = {
			isa = PBXResourcesBuildPhase;
			buildActionMask = 2147483647;
			files = (
			);
			runOnlyForDeploymentPostprocessing = 0;
		};
		18E483B0241E8FDD00062135 /* Resources */ = {
			isa = PBXResourcesBuildPhase;
			buildActionMask = 2147483647;
			files = (
			);
			runOnlyForDeploymentPostprocessing = 0;
		};
/* End PBXResourcesBuildPhase section */

/* Begin PBXSourcesBuildPhase section */
		18B8C697241D40EC0057858C /* Sources */ = {
			isa = PBXSourcesBuildPhase;
			buildActionMask = 2147483647;
			files = (
				18B8C69F241D40EC0057858C /* AppDelegate.swift in Sources */,
				18E483DA241E967C00062135 /* TestViewController.swift in Sources */,
			);
			runOnlyForDeploymentPostprocessing = 0;
		};
		18B8C6AD241D40EE0057858C /* Sources */ = {
			isa = PBXSourcesBuildPhase;
			buildActionMask = 2147483647;
			files = (
				18B8C6B6241D40EE0057858C /* RCCTests.swift in Sources */,
			);
			runOnlyForDeploymentPostprocessing = 0;
		};
		18B8C6C5241D93200057858C /* Sources */ = {
			isa = PBXSourcesBuildPhase;
			buildActionMask = 2147483647;
			files = (
				18E483DF241E98B000062135 /* ExchangeRepository.swift in Sources */,
				187D10E6241E651F0076A9F3 /* ExchangePair.swift in Sources */,
				18B8C6EF241D98E10057858C /* Currency.swift in Sources */,
				187D10E3241E5F7C0076A9F3 /* CurrencyProvider.swift in Sources */,
				187D10E9241E67670076A9F3 /* ExchangePairProvider.swift in Sources */,
				18E483E2241E994200062135 /* Pair.swift in Sources */,
				18E483D2241E94A300062135 /* CurrencyRepository.swift in Sources */,
			);
			runOnlyForDeploymentPostprocessing = 0;
		};
		18B8C6CD241D93200057858C /* Sources */ = {
			isa = PBXSourcesBuildPhase;
			buildActionMask = 2147483647;
			files = (
				187D10DA241E51400076A9F3 /* CurrencyTests.swift in Sources */,
			);
			runOnlyForDeploymentPostprocessing = 0;
		};
		18E48384241E8FD300062135 /* Sources */ = {
			isa = PBXSourcesBuildPhase;
			buildActionMask = 2147483647;
			files = (
				18E483F2241ECF8400062135 /* RemoteExchangePairs.swift in Sources */,
				18E483DD241E988400062135 /* DefaultExchangeRepository.swift in Sources */,
				18E483EF241EA37400062135 /* URLSessionHTTPClient.swift in Sources */,
				18E483CF241E946500062135 /* DefaultCurrencyRepository.swift in Sources */,
				18E483ED241EA28200062135 /* HTTPClient.swift in Sources */,
				18E483E5241E9D4800062135 /* RatesAPI.swift in Sources */,
			);
			runOnlyForDeploymentPostprocessing = 0;
		};
		18E4838C241E8FD300062135 /* Sources */ = {
			isa = PBXSourcesBuildPhase;
			buildActionMask = 2147483647;
			files = (
				18E483EA241E9D9A00062135 /* RatesAPITests.swift in Sources */,
				18E48398241E8FD300062135 /* DataTests.swift in Sources */,
				18E483F5241ECFF200062135 /* RemoteExchangePairsTests.swift in Sources */,
			);
			runOnlyForDeploymentPostprocessing = 0;
		};
		18E483A6241E8FDD00062135 /* Sources */ = {
			isa = PBXSourcesBuildPhase;
			buildActionMask = 2147483647;
			files = (
			);
			runOnlyForDeploymentPostprocessing = 0;
		};
		18E483AE241E8FDD00062135 /* Sources */ = {
			isa = PBXSourcesBuildPhase;
			buildActionMask = 2147483647;
			files = (
				18E483BA241E8FDD00062135 /* PresentationTests.swift in Sources */,
			);
			runOnlyForDeploymentPostprocessing = 0;
		};
/* End PBXSourcesBuildPhase section */

/* Begin PBXTargetDependency section */
		18B8C6B3241D40EE0057858C /* PBXTargetDependency */ = {
			isa = PBXTargetDependency;
			target = 18B8C69A241D40EC0057858C /* RCC */;
			targetProxy = 18B8C6B2241D40EE0057858C /* PBXContainerItemProxy */;
		};
		18B8C6D4241D93200057858C /* PBXTargetDependency */ = {
			isa = PBXTargetDependency;
			target = 18B8C6C8241D93200057858C /* Converter */;
			targetProxy = 18B8C6D3241D93200057858C /* PBXContainerItemProxy */;
		};
		18B8C6D6241D93200057858C /* PBXTargetDependency */ = {
			isa = PBXTargetDependency;
			target = 18B8C69A241D40EC0057858C /* RCC */;
			targetProxy = 18B8C6D5241D93200057858C /* PBXContainerItemProxy */;
		};
		18B8C6DD241D93200057858C /* PBXTargetDependency */ = {
			isa = PBXTargetDependency;
			target = 18B8C6C8241D93200057858C /* Converter */;
			targetProxy = 18B8C6DC241D93200057858C /* PBXContainerItemProxy */;
		};
		18E48393241E8FD300062135 /* PBXTargetDependency */ = {
			isa = PBXTargetDependency;
			target = 18E48387241E8FD300062135 /* Data */;
			targetProxy = 18E48392241E8FD300062135 /* PBXContainerItemProxy */;
		};
		18E48395241E8FD300062135 /* PBXTargetDependency */ = {
			isa = PBXTargetDependency;
			target = 18B8C69A241D40EC0057858C /* RCC */;
			targetProxy = 18E48394241E8FD300062135 /* PBXContainerItemProxy */;
		};
		18E4839C241E8FD300062135 /* PBXTargetDependency */ = {
			isa = PBXTargetDependency;
			target = 18E48387241E8FD300062135 /* Data */;
			targetProxy = 18E4839B241E8FD300062135 /* PBXContainerItemProxy */;
		};
		18E483B5241E8FDD00062135 /* PBXTargetDependency */ = {
			isa = PBXTargetDependency;
			target = 18E483A9241E8FDD00062135 /* Presentation */;
			targetProxy = 18E483B4241E8FDD00062135 /* PBXContainerItemProxy */;
		};
		18E483B7241E8FDD00062135 /* PBXTargetDependency */ = {
			isa = PBXTargetDependency;
			target = 18B8C69A241D40EC0057858C /* RCC */;
			targetProxy = 18E483B6241E8FDD00062135 /* PBXContainerItemProxy */;
		};
		18E483BE241E8FDD00062135 /* PBXTargetDependency */ = {
			isa = PBXTargetDependency;
			target = 18E483A9241E8FDD00062135 /* Presentation */;
			targetProxy = 18E483BD241E8FDD00062135 /* PBXContainerItemProxy */;
		};
		18E483D4241E954F00062135 /* PBXTargetDependency */ = {
			isa = PBXTargetDependency;
			target = 18B8C6C8241D93200057858C /* Converter */;
			targetProxy = 18E483D3241E954F00062135 /* PBXContainerItemProxy */;
		};
		18E483D6241E955500062135 /* PBXTargetDependency */ = {
			isa = PBXTargetDependency;
			target = 18B8C6C8241D93200057858C /* Converter */;
			targetProxy = 18E483D5241E955500062135 /* PBXContainerItemProxy */;
		};
/* End PBXTargetDependency section */

/* Begin PBXVariantGroup section */
		18B8C6A9241D40EE0057858C /* LaunchScreen.storyboard */ = {
			isa = PBXVariantGroup;
			children = (
				18B8C6AA241D40EE0057858C /* Base */,
			);
			name = LaunchScreen.storyboard;
			sourceTree = "<group>";
		};
/* End PBXVariantGroup section */

/* Begin XCBuildConfiguration section */
		18B8C6B8241D40EE0057858C /* Debug */ = {
			isa = XCBuildConfiguration;
			buildSettings = {
				ALWAYS_SEARCH_USER_PATHS = NO;
				CLANG_ANALYZER_NONNULL = YES;
				CLANG_ANALYZER_NUMBER_OBJECT_CONVERSION = YES_AGGRESSIVE;
				CLANG_CXX_LANGUAGE_STANDARD = "gnu++14";
				CLANG_CXX_LIBRARY = "libc++";
				CLANG_ENABLE_MODULES = YES;
				CLANG_ENABLE_OBJC_ARC = YES;
				CLANG_ENABLE_OBJC_WEAK = YES;
				CLANG_WARN_BLOCK_CAPTURE_AUTORELEASING = YES;
				CLANG_WARN_BOOL_CONVERSION = YES;
				CLANG_WARN_COMMA = YES;
				CLANG_WARN_CONSTANT_CONVERSION = YES;
				CLANG_WARN_DEPRECATED_OBJC_IMPLEMENTATIONS = YES;
				CLANG_WARN_DIRECT_OBJC_ISA_USAGE = YES_ERROR;
				CLANG_WARN_DOCUMENTATION_COMMENTS = YES;
				CLANG_WARN_EMPTY_BODY = YES;
				CLANG_WARN_ENUM_CONVERSION = YES;
				CLANG_WARN_INFINITE_RECURSION = YES;
				CLANG_WARN_INT_CONVERSION = YES;
				CLANG_WARN_NON_LITERAL_NULL_CONVERSION = YES;
				CLANG_WARN_OBJC_IMPLICIT_RETAIN_SELF = YES;
				CLANG_WARN_OBJC_LITERAL_CONVERSION = YES;
				CLANG_WARN_OBJC_ROOT_CLASS = YES_ERROR;
				CLANG_WARN_RANGE_LOOP_ANALYSIS = YES;
				CLANG_WARN_STRICT_PROTOTYPES = YES;
				CLANG_WARN_SUSPICIOUS_MOVE = YES;
				CLANG_WARN_UNGUARDED_AVAILABILITY = YES_AGGRESSIVE;
				CLANG_WARN_UNREACHABLE_CODE = YES;
				CLANG_WARN__DUPLICATE_METHOD_MATCH = YES;
				COPY_PHASE_STRIP = NO;
				DEBUG_INFORMATION_FORMAT = dwarf;
				ENABLE_STRICT_OBJC_MSGSEND = YES;
				ENABLE_TESTABILITY = YES;
				GCC_C_LANGUAGE_STANDARD = gnu11;
				GCC_DYNAMIC_NO_PIC = NO;
				GCC_NO_COMMON_BLOCKS = YES;
				GCC_OPTIMIZATION_LEVEL = 0;
				GCC_PREPROCESSOR_DEFINITIONS = (
					"DEBUG=1",
					"$(inherited)",
				);
				GCC_WARN_64_TO_32_BIT_CONVERSION = YES;
				GCC_WARN_ABOUT_RETURN_TYPE = YES_ERROR;
				GCC_WARN_UNDECLARED_SELECTOR = YES;
				GCC_WARN_UNINITIALIZED_AUTOS = YES_AGGRESSIVE;
				GCC_WARN_UNUSED_FUNCTION = YES;
				GCC_WARN_UNUSED_VARIABLE = YES;
				IPHONEOS_DEPLOYMENT_TARGET = 12.0;
				MTL_ENABLE_DEBUG_INFO = INCLUDE_SOURCE;
				MTL_FAST_MATH = YES;
				ONLY_ACTIVE_ARCH = YES;
				SDKROOT = iphoneos;
				SWIFT_ACTIVE_COMPILATION_CONDITIONS = DEBUG;
				SWIFT_OPTIMIZATION_LEVEL = "-Onone";
				SWIFT_VERSION = 5.0;
			};
			name = Debug;
		};
		18B8C6B9241D40EE0057858C /* Release */ = {
			isa = XCBuildConfiguration;
			buildSettings = {
				ALWAYS_SEARCH_USER_PATHS = NO;
				CLANG_ANALYZER_NONNULL = YES;
				CLANG_ANALYZER_NUMBER_OBJECT_CONVERSION = YES_AGGRESSIVE;
				CLANG_CXX_LANGUAGE_STANDARD = "gnu++14";
				CLANG_CXX_LIBRARY = "libc++";
				CLANG_ENABLE_MODULES = YES;
				CLANG_ENABLE_OBJC_ARC = YES;
				CLANG_ENABLE_OBJC_WEAK = YES;
				CLANG_WARN_BLOCK_CAPTURE_AUTORELEASING = YES;
				CLANG_WARN_BOOL_CONVERSION = YES;
				CLANG_WARN_COMMA = YES;
				CLANG_WARN_CONSTANT_CONVERSION = YES;
				CLANG_WARN_DEPRECATED_OBJC_IMPLEMENTATIONS = YES;
				CLANG_WARN_DIRECT_OBJC_ISA_USAGE = YES_ERROR;
				CLANG_WARN_DOCUMENTATION_COMMENTS = YES;
				CLANG_WARN_EMPTY_BODY = YES;
				CLANG_WARN_ENUM_CONVERSION = YES;
				CLANG_WARN_INFINITE_RECURSION = YES;
				CLANG_WARN_INT_CONVERSION = YES;
				CLANG_WARN_NON_LITERAL_NULL_CONVERSION = YES;
				CLANG_WARN_OBJC_IMPLICIT_RETAIN_SELF = YES;
				CLANG_WARN_OBJC_LITERAL_CONVERSION = YES;
				CLANG_WARN_OBJC_ROOT_CLASS = YES_ERROR;
				CLANG_WARN_RANGE_LOOP_ANALYSIS = YES;
				CLANG_WARN_STRICT_PROTOTYPES = YES;
				CLANG_WARN_SUSPICIOUS_MOVE = YES;
				CLANG_WARN_UNGUARDED_AVAILABILITY = YES_AGGRESSIVE;
				CLANG_WARN_UNREACHABLE_CODE = YES;
				CLANG_WARN__DUPLICATE_METHOD_MATCH = YES;
				COPY_PHASE_STRIP = NO;
				DEBUG_INFORMATION_FORMAT = "dwarf-with-dsym";
				ENABLE_NS_ASSERTIONS = NO;
				ENABLE_STRICT_OBJC_MSGSEND = YES;
				GCC_C_LANGUAGE_STANDARD = gnu11;
				GCC_NO_COMMON_BLOCKS = YES;
				GCC_WARN_64_TO_32_BIT_CONVERSION = YES;
				GCC_WARN_ABOUT_RETURN_TYPE = YES_ERROR;
				GCC_WARN_UNDECLARED_SELECTOR = YES;
				GCC_WARN_UNINITIALIZED_AUTOS = YES_AGGRESSIVE;
				GCC_WARN_UNUSED_FUNCTION = YES;
				GCC_WARN_UNUSED_VARIABLE = YES;
				IPHONEOS_DEPLOYMENT_TARGET = 12.0;
				MTL_ENABLE_DEBUG_INFO = NO;
				MTL_FAST_MATH = YES;
				SDKROOT = iphoneos;
				SWIFT_COMPILATION_MODE = wholemodule;
				SWIFT_OPTIMIZATION_LEVEL = "-O";
				SWIFT_VERSION = 5.0;
				VALIDATE_PRODUCT = YES;
			};
			name = Release;
		};
		18B8C6BB241D40EE0057858C /* Debug */ = {
			isa = XCBuildConfiguration;
			buildSettings = {
				ALWAYS_EMBED_SWIFT_STANDARD_LIBRARIES = YES;
				ASSETCATALOG_COMPILER_APPICON_NAME = AppIcon;
				CODE_SIGN_STYLE = Automatic;
				DEVELOPMENT_TEAM = TXH9ALPT83;
				INFOPLIST_FILE = RCC/Info.plist;
				LD_RUNPATH_SEARCH_PATHS = (
					"$(inherited)",
					"@executable_path/Frameworks",
				);
				PRODUCT_BUNDLE_IDENTIFIER = aaronmhr.RCC;
				PRODUCT_NAME = "$(TARGET_NAME)";
				SWIFT_VERSION = 5.0;
				TARGETED_DEVICE_FAMILY = 1;
			};
			name = Debug;
		};
		18B8C6BC241D40EE0057858C /* Release */ = {
			isa = XCBuildConfiguration;
			buildSettings = {
				ALWAYS_EMBED_SWIFT_STANDARD_LIBRARIES = YES;
				ASSETCATALOG_COMPILER_APPICON_NAME = AppIcon;
				CODE_SIGN_STYLE = Automatic;
				DEVELOPMENT_TEAM = TXH9ALPT83;
				INFOPLIST_FILE = RCC/Info.plist;
				LD_RUNPATH_SEARCH_PATHS = (
					"$(inherited)",
					"@executable_path/Frameworks",
				);
				PRODUCT_BUNDLE_IDENTIFIER = aaronmhr.RCC;
				PRODUCT_NAME = "$(TARGET_NAME)";
				SWIFT_VERSION = 5.0;
				TARGETED_DEVICE_FAMILY = 1;
			};
			name = Release;
		};
		18B8C6BE241D40EE0057858C /* Debug */ = {
			isa = XCBuildConfiguration;
			buildSettings = {
				ALWAYS_EMBED_SWIFT_STANDARD_LIBRARIES = YES;
				BUNDLE_LOADER = "$(TEST_HOST)";
				CODE_SIGN_STYLE = Automatic;
				DEVELOPMENT_TEAM = TXH9ALPT83;
				INFOPLIST_FILE = RCCTests/Info.plist;
				IPHONEOS_DEPLOYMENT_TARGET = 12.0;
				LD_RUNPATH_SEARCH_PATHS = (
					"$(inherited)",
					"@executable_path/Frameworks",
					"@loader_path/Frameworks",
				);
				PRODUCT_BUNDLE_IDENTIFIER = aaronmhr.RCCTests;
				PRODUCT_NAME = "$(TARGET_NAME)";
				SWIFT_VERSION = 5.0;
				TARGETED_DEVICE_FAMILY = 1;
				TEST_HOST = "$(BUILT_PRODUCTS_DIR)/RCC.app/RCC";
			};
			name = Debug;
		};
		18B8C6BF241D40EE0057858C /* Release */ = {
			isa = XCBuildConfiguration;
			buildSettings = {
				ALWAYS_EMBED_SWIFT_STANDARD_LIBRARIES = YES;
				BUNDLE_LOADER = "$(TEST_HOST)";
				CODE_SIGN_STYLE = Automatic;
				DEVELOPMENT_TEAM = TXH9ALPT83;
				INFOPLIST_FILE = RCCTests/Info.plist;
				IPHONEOS_DEPLOYMENT_TARGET = 12.0;
				LD_RUNPATH_SEARCH_PATHS = (
					"$(inherited)",
					"@executable_path/Frameworks",
					"@loader_path/Frameworks",
				);
				PRODUCT_BUNDLE_IDENTIFIER = aaronmhr.RCCTests;
				PRODUCT_NAME = "$(TARGET_NAME)";
				SWIFT_VERSION = 5.0;
				TARGETED_DEVICE_FAMILY = 1;
				TEST_HOST = "$(BUILT_PRODUCTS_DIR)/RCC.app/RCC";
			};
			name = Release;
		};
		18B8C6E1241D93200057858C /* Debug */ = {
			isa = XCBuildConfiguration;
			buildSettings = {
				CODE_SIGN_STYLE = Automatic;
				CURRENT_PROJECT_VERSION = 1;
				DEFINES_MODULE = YES;
				DEVELOPMENT_TEAM = TXH9ALPT83;
				DYLIB_COMPATIBILITY_VERSION = 1;
				DYLIB_CURRENT_VERSION = 1;
				DYLIB_INSTALL_NAME_BASE = "@rpath";
				INFOPLIST_FILE = Converter/Info.plist;
				INSTALL_PATH = "$(LOCAL_LIBRARY_DIR)/Frameworks";
				IPHONEOS_DEPLOYMENT_TARGET = 12.0;
				LD_RUNPATH_SEARCH_PATHS = (
					"$(inherited)",
					"@executable_path/Frameworks",
					"@loader_path/Frameworks",
				);
				PRODUCT_BUNDLE_IDENTIFIER = aaronmhr.Converter;
				PRODUCT_NAME = "$(TARGET_NAME:c99extidentifier)";
				SKIP_INSTALL = YES;
				SWIFT_VERSION = 5.0;
				TARGETED_DEVICE_FAMILY = "1,2";
				VERSIONING_SYSTEM = "apple-generic";
				VERSION_INFO_PREFIX = "";
			};
			name = Debug;
		};
		18B8C6E2241D93200057858C /* Release */ = {
			isa = XCBuildConfiguration;
			buildSettings = {
				CODE_SIGN_STYLE = Automatic;
				CURRENT_PROJECT_VERSION = 1;
				DEFINES_MODULE = YES;
				DEVELOPMENT_TEAM = TXH9ALPT83;
				DYLIB_COMPATIBILITY_VERSION = 1;
				DYLIB_CURRENT_VERSION = 1;
				DYLIB_INSTALL_NAME_BASE = "@rpath";
				INFOPLIST_FILE = Converter/Info.plist;
				INSTALL_PATH = "$(LOCAL_LIBRARY_DIR)/Frameworks";
				IPHONEOS_DEPLOYMENT_TARGET = 12.0;
				LD_RUNPATH_SEARCH_PATHS = (
					"$(inherited)",
					"@executable_path/Frameworks",
					"@loader_path/Frameworks",
				);
				PRODUCT_BUNDLE_IDENTIFIER = aaronmhr.Converter;
				PRODUCT_NAME = "$(TARGET_NAME:c99extidentifier)";
				SKIP_INSTALL = YES;
				SWIFT_VERSION = 5.0;
				TARGETED_DEVICE_FAMILY = "1,2";
				VERSIONING_SYSTEM = "apple-generic";
				VERSION_INFO_PREFIX = "";
			};
			name = Release;
		};
		18B8C6E3241D93200057858C /* Debug */ = {
			isa = XCBuildConfiguration;
			buildSettings = {
				ALWAYS_EMBED_SWIFT_STANDARD_LIBRARIES = YES;
				CODE_SIGN_STYLE = Automatic;
				DEVELOPMENT_TEAM = TXH9ALPT83;
				INFOPLIST_FILE = ConverterTests/Info.plist;
				IPHONEOS_DEPLOYMENT_TARGET = 12.0;
				LD_RUNPATH_SEARCH_PATHS = (
					"$(inherited)",
					"@executable_path/Frameworks",
					"@loader_path/Frameworks",
				);
				PRODUCT_BUNDLE_IDENTIFIER = aaronmhr.ConverterTests;
				PRODUCT_NAME = "$(TARGET_NAME)";
				SWIFT_VERSION = 5.0;
				TARGETED_DEVICE_FAMILY = "1,2";
				TEST_HOST = "$(BUILT_PRODUCTS_DIR)/RCC.app/RCC";
			};
			name = Debug;
		};
		18B8C6E4241D93200057858C /* Release */ = {
			isa = XCBuildConfiguration;
			buildSettings = {
				ALWAYS_EMBED_SWIFT_STANDARD_LIBRARIES = YES;
				CODE_SIGN_STYLE = Automatic;
				DEVELOPMENT_TEAM = TXH9ALPT83;
				INFOPLIST_FILE = ConverterTests/Info.plist;
				IPHONEOS_DEPLOYMENT_TARGET = 12.0;
				LD_RUNPATH_SEARCH_PATHS = (
					"$(inherited)",
					"@executable_path/Frameworks",
					"@loader_path/Frameworks",
				);
				PRODUCT_BUNDLE_IDENTIFIER = aaronmhr.ConverterTests;
				PRODUCT_NAME = "$(TARGET_NAME)";
				SWIFT_VERSION = 5.0;
				TARGETED_DEVICE_FAMILY = "1,2";
				TEST_HOST = "$(BUILT_PRODUCTS_DIR)/RCC.app/RCC";
			};
			name = Release;
		};
		18E4839F241E8FD300062135 /* Debug */ = {
			isa = XCBuildConfiguration;
			buildSettings = {
				CLANG_ENABLE_MODULES = YES;
				CODE_SIGN_STYLE = Automatic;
				CURRENT_PROJECT_VERSION = 1;
				DEFINES_MODULE = YES;
				DEVELOPMENT_TEAM = TXH9ALPT83;
				DYLIB_COMPATIBILITY_VERSION = 1;
				DYLIB_CURRENT_VERSION = 1;
				DYLIB_INSTALL_NAME_BASE = "@rpath";
				INFOPLIST_FILE = Data/Info.plist;
				INSTALL_PATH = "$(LOCAL_LIBRARY_DIR)/Frameworks";
				IPHONEOS_DEPLOYMENT_TARGET = 12.0;
				LD_RUNPATH_SEARCH_PATHS = (
					"$(inherited)",
					"@executable_path/Frameworks",
					"@loader_path/Frameworks",
				);
				PRODUCT_BUNDLE_IDENTIFIER = aaronmhr.Data;
				PRODUCT_NAME = "$(TARGET_NAME:c99extidentifier)";
				SKIP_INSTALL = YES;
				SWIFT_OPTIMIZATION_LEVEL = "-Onone";
				SWIFT_VERSION = 5.0;
				TARGETED_DEVICE_FAMILY = "1,2";
				VERSIONING_SYSTEM = "apple-generic";
				VERSION_INFO_PREFIX = "";
			};
			name = Debug;
		};
		18E483A0241E8FD300062135 /* Release */ = {
			isa = XCBuildConfiguration;
			buildSettings = {
				CLANG_ENABLE_MODULES = YES;
				CODE_SIGN_STYLE = Automatic;
				CURRENT_PROJECT_VERSION = 1;
				DEFINES_MODULE = YES;
				DEVELOPMENT_TEAM = TXH9ALPT83;
				DYLIB_COMPATIBILITY_VERSION = 1;
				DYLIB_CURRENT_VERSION = 1;
				DYLIB_INSTALL_NAME_BASE = "@rpath";
				INFOPLIST_FILE = Data/Info.plist;
				INSTALL_PATH = "$(LOCAL_LIBRARY_DIR)/Frameworks";
				IPHONEOS_DEPLOYMENT_TARGET = 12.0;
				LD_RUNPATH_SEARCH_PATHS = (
					"$(inherited)",
					"@executable_path/Frameworks",
					"@loader_path/Frameworks",
				);
				PRODUCT_BUNDLE_IDENTIFIER = aaronmhr.Data;
				PRODUCT_NAME = "$(TARGET_NAME:c99extidentifier)";
				SKIP_INSTALL = YES;
				SWIFT_VERSION = 5.0;
				TARGETED_DEVICE_FAMILY = "1,2";
				VERSIONING_SYSTEM = "apple-generic";
				VERSION_INFO_PREFIX = "";
			};
			name = Release;
		};
		18E483A1241E8FD300062135 /* Debug */ = {
			isa = XCBuildConfiguration;
			buildSettings = {
				ALWAYS_EMBED_SWIFT_STANDARD_LIBRARIES = YES;
				CODE_SIGN_STYLE = Automatic;
				DEVELOPMENT_TEAM = TXH9ALPT83;
				INFOPLIST_FILE = DataTests/Info.plist;
				IPHONEOS_DEPLOYMENT_TARGET = 12.0;
				LD_RUNPATH_SEARCH_PATHS = (
					"$(inherited)",
					"@executable_path/Frameworks",
					"@loader_path/Frameworks",
				);
				PRODUCT_BUNDLE_IDENTIFIER = aaronmhr.DataTests;
				PRODUCT_NAME = "$(TARGET_NAME)";
				SWIFT_VERSION = 5.0;
				TARGETED_DEVICE_FAMILY = "1,2";
				TEST_HOST = "$(BUILT_PRODUCTS_DIR)/RCC.app/RCC";
			};
			name = Debug;
		};
		18E483A2241E8FD300062135 /* Release */ = {
			isa = XCBuildConfiguration;
			buildSettings = {
				ALWAYS_EMBED_SWIFT_STANDARD_LIBRARIES = YES;
				CODE_SIGN_STYLE = Automatic;
				DEVELOPMENT_TEAM = TXH9ALPT83;
				INFOPLIST_FILE = DataTests/Info.plist;
				IPHONEOS_DEPLOYMENT_TARGET = 12.0;
				LD_RUNPATH_SEARCH_PATHS = (
					"$(inherited)",
					"@executable_path/Frameworks",
					"@loader_path/Frameworks",
				);
				PRODUCT_BUNDLE_IDENTIFIER = aaronmhr.DataTests;
				PRODUCT_NAME = "$(TARGET_NAME)";
				SWIFT_VERSION = 5.0;
				TARGETED_DEVICE_FAMILY = "1,2";
				TEST_HOST = "$(BUILT_PRODUCTS_DIR)/RCC.app/RCC";
			};
			name = Release;
		};
		18E483C2241E8FDD00062135 /* Debug */ = {
			isa = XCBuildConfiguration;
			buildSettings = {
				CODE_SIGN_STYLE = Automatic;
				CURRENT_PROJECT_VERSION = 1;
				DEFINES_MODULE = YES;
				DEVELOPMENT_TEAM = TXH9ALPT83;
				DYLIB_COMPATIBILITY_VERSION = 1;
				DYLIB_CURRENT_VERSION = 1;
				DYLIB_INSTALL_NAME_BASE = "@rpath";
				INFOPLIST_FILE = Presentation/Info.plist;
				INSTALL_PATH = "$(LOCAL_LIBRARY_DIR)/Frameworks";
				IPHONEOS_DEPLOYMENT_TARGET = 12.0;
				LD_RUNPATH_SEARCH_PATHS = (
					"$(inherited)",
					"@executable_path/Frameworks",
					"@loader_path/Frameworks",
				);
				PRODUCT_BUNDLE_IDENTIFIER = aaronmhr.Presentation;
				PRODUCT_NAME = "$(TARGET_NAME:c99extidentifier)";
				SKIP_INSTALL = YES;
				SWIFT_VERSION = 5.0;
				TARGETED_DEVICE_FAMILY = "1,2";
				VERSIONING_SYSTEM = "apple-generic";
				VERSION_INFO_PREFIX = "";
			};
			name = Debug;
		};
		18E483C3241E8FDD00062135 /* Release */ = {
			isa = XCBuildConfiguration;
			buildSettings = {
				CODE_SIGN_STYLE = Automatic;
				CURRENT_PROJECT_VERSION = 1;
				DEFINES_MODULE = YES;
				DEVELOPMENT_TEAM = TXH9ALPT83;
				DYLIB_COMPATIBILITY_VERSION = 1;
				DYLIB_CURRENT_VERSION = 1;
				DYLIB_INSTALL_NAME_BASE = "@rpath";
				INFOPLIST_FILE = Presentation/Info.plist;
				INSTALL_PATH = "$(LOCAL_LIBRARY_DIR)/Frameworks";
				IPHONEOS_DEPLOYMENT_TARGET = 12.0;
				LD_RUNPATH_SEARCH_PATHS = (
					"$(inherited)",
					"@executable_path/Frameworks",
					"@loader_path/Frameworks",
				);
				PRODUCT_BUNDLE_IDENTIFIER = aaronmhr.Presentation;
				PRODUCT_NAME = "$(TARGET_NAME:c99extidentifier)";
				SKIP_INSTALL = YES;
				SWIFT_VERSION = 5.0;
				TARGETED_DEVICE_FAMILY = "1,2";
				VERSIONING_SYSTEM = "apple-generic";
				VERSION_INFO_PREFIX = "";
			};
			name = Release;
		};
		18E483C5241E8FDD00062135 /* Debug */ = {
			isa = XCBuildConfiguration;
			buildSettings = {
				ALWAYS_EMBED_SWIFT_STANDARD_LIBRARIES = YES;
				CODE_SIGN_STYLE = Automatic;
				DEVELOPMENT_TEAM = TXH9ALPT83;
				INFOPLIST_FILE = PresentationTests/Info.plist;
				IPHONEOS_DEPLOYMENT_TARGET = 12.0;
				LD_RUNPATH_SEARCH_PATHS = (
					"$(inherited)",
					"@executable_path/Frameworks",
					"@loader_path/Frameworks",
				);
				PRODUCT_BUNDLE_IDENTIFIER = aaronmhr.PresentationTests;
				PRODUCT_NAME = "$(TARGET_NAME)";
				SWIFT_VERSION = 5.0;
				TARGETED_DEVICE_FAMILY = "1,2";
				TEST_HOST = "$(BUILT_PRODUCTS_DIR)/RCC.app/RCC";
			};
			name = Debug;
		};
		18E483C6241E8FDD00062135 /* Release */ = {
			isa = XCBuildConfiguration;
			buildSettings = {
				ALWAYS_EMBED_SWIFT_STANDARD_LIBRARIES = YES;
				CODE_SIGN_STYLE = Automatic;
				DEVELOPMENT_TEAM = TXH9ALPT83;
				INFOPLIST_FILE = PresentationTests/Info.plist;
				IPHONEOS_DEPLOYMENT_TARGET = 12.0;
				LD_RUNPATH_SEARCH_PATHS = (
					"$(inherited)",
					"@executable_path/Frameworks",
					"@loader_path/Frameworks",
				);
				PRODUCT_BUNDLE_IDENTIFIER = aaronmhr.PresentationTests;
				PRODUCT_NAME = "$(TARGET_NAME)";
				SWIFT_VERSION = 5.0;
				TARGETED_DEVICE_FAMILY = "1,2";
				TEST_HOST = "$(BUILT_PRODUCTS_DIR)/RCC.app/RCC";
			};
			name = Release;
		};
/* End XCBuildConfiguration section */

/* Begin XCConfigurationList section */
		18B8C696241D40EC0057858C /* Build configuration list for PBXProject "RCC" */ = {
			isa = XCConfigurationList;
			buildConfigurations = (
				18B8C6B8241D40EE0057858C /* Debug */,
				18B8C6B9241D40EE0057858C /* Release */,
			);
			defaultConfigurationIsVisible = 0;
			defaultConfigurationName = Release;
		};
		18B8C6BA241D40EE0057858C /* Build configuration list for PBXNativeTarget "RCC" */ = {
			isa = XCConfigurationList;
			buildConfigurations = (
				18B8C6BB241D40EE0057858C /* Debug */,
				18B8C6BC241D40EE0057858C /* Release */,
			);
			defaultConfigurationIsVisible = 0;
			defaultConfigurationName = Release;
		};
		18B8C6BD241D40EE0057858C /* Build configuration list for PBXNativeTarget "RCCTests" */ = {
			isa = XCConfigurationList;
			buildConfigurations = (
				18B8C6BE241D40EE0057858C /* Debug */,
				18B8C6BF241D40EE0057858C /* Release */,
			);
			defaultConfigurationIsVisible = 0;
			defaultConfigurationName = Release;
		};
		18B8C6E5241D93200057858C /* Build configuration list for PBXNativeTarget "Converter" */ = {
			isa = XCConfigurationList;
			buildConfigurations = (
				18B8C6E1241D93200057858C /* Debug */,
				18B8C6E2241D93200057858C /* Release */,
			);
			defaultConfigurationIsVisible = 0;
			defaultConfigurationName = Release;
		};
		18B8C6E6241D93200057858C /* Build configuration list for PBXNativeTarget "ConverterTests" */ = {
			isa = XCConfigurationList;
			buildConfigurations = (
				18B8C6E3241D93200057858C /* Debug */,
				18B8C6E4241D93200057858C /* Release */,
			);
			defaultConfigurationIsVisible = 0;
			defaultConfigurationName = Release;
		};
		18E483A3241E8FD300062135 /* Build configuration list for PBXNativeTarget "Data" */ = {
			isa = XCConfigurationList;
			buildConfigurations = (
				18E4839F241E8FD300062135 /* Debug */,
				18E483A0241E8FD300062135 /* Release */,
			);
			defaultConfigurationIsVisible = 0;
			defaultConfigurationName = Release;
		};
		18E483A4241E8FD300062135 /* Build configuration list for PBXNativeTarget "DataTests" */ = {
			isa = XCConfigurationList;
			buildConfigurations = (
				18E483A1241E8FD300062135 /* Debug */,
				18E483A2241E8FD300062135 /* Release */,
			);
			defaultConfigurationIsVisible = 0;
			defaultConfigurationName = Release;
		};
		18E483C1241E8FDD00062135 /* Build configuration list for PBXNativeTarget "Presentation" */ = {
			isa = XCConfigurationList;
			buildConfigurations = (
				18E483C2241E8FDD00062135 /* Debug */,
				18E483C3241E8FDD00062135 /* Release */,
			);
			defaultConfigurationIsVisible = 0;
			defaultConfigurationName = Release;
		};
		18E483C4241E8FDD00062135 /* Build configuration list for PBXNativeTarget "PresentationTests" */ = {
			isa = XCConfigurationList;
			buildConfigurations = (
				18E483C5241E8FDD00062135 /* Debug */,
				18E483C6241E8FDD00062135 /* Release */,
			);
			defaultConfigurationIsVisible = 0;
			defaultConfigurationName = Release;
		};
/* End XCConfigurationList section */
	};
	rootObject = 18B8C693241D40EC0057858C /* Project object */;
}
